PODS:
  - sqlite3 (3.8.6):
    - sqlite3/common (= 3.8.6)
  - sqlite3/common (3.8.6)
  - SWRevealViewController (2.3.0)

DEPENDENCIES:
  - sqlite3 (~> 3.8)
  - SWRevealViewController (~> 2.3)

SPEC CHECKSUMS:
  sqlite3: c3f593b0d7d39dc7c40bd9604abd756eee509ab5
  SWRevealViewController: 6d3fd97f70112fd7cef9de14df4260eacce4c63a

COCOAPODS: 0.38.2
