// !$*UTF8*$!
{
	archiveVersion = 1;
	classes = {
	};
	objectVersion = 46;
	objects = {

/* Begin PBXBuildFile section */
		23DFAC7119AEFD2900D64755 /* BFDTranslationEngine.mm in Sources */ = {isa = PBXBuildFile; fileRef = 23DFAC7019AEFD2900D64755 /* BFDTranslationEngine.mm */; };
		23DFAC7619B1322200D64755 /* TranslationEngine.swift in Sources */ = {isa = PBXBuildFile; fileRef = 23DFAC7519B1322200D64755 /* TranslationEngine.swift */; };
		23E5C90F19AEF60D00D4C305 /* AppDelegate.swift in Sources */ = {isa = PBXBuildFile; fileRef = 23E5C90319AEF60D00D4C305 /* AppDelegate.swift */; };
		23E5C91019AEF60D00D4C305 /* Main.storyboard in Resources */ = {isa = PBXBuildFile; fileRef = 23E5C90419AEF60D00D4C305 /* Main.storyboard */; };
		23E5C91119AEF60D00D4C305 /* DatabaseUtility.swift in Sources */ = {isa = PBXBuildFile; fileRef = 23E5C90719AEF60D00D4C305 /* DatabaseUtility.swift */; };
		23E5C91219AEF60D00D4C305 /* Images.xcassets in Resources */ = {isa = PBXBuildFile; fileRef = 23E5C90819AEF60D00D4C305 /* Images.xcassets */; };
		23E5C91319AEF60D00D4C305 /* Info.plist in Resources */ = {isa = PBXBuildFile; fileRef = 23E5C90919AEF60D00D4C305 /* Info.plist */; };
		23E5C91419AEF60D00D4C305 /* MainViewController.swift in Sources */ = {isa = PBXBuildFile; fileRef = 23E5C90A19AEF60D00D4C305 /* MainViewController.swift */; };
		23E5C91519AEF60D00D4C305 /* TranslateViewController.swift in Sources */ = {isa = PBXBuildFile; fileRef = 23E5C90B19AEF60D00D4C305 /* TranslateViewController.swift */; };
		23E5C91B19AEF62C00D4C305 /* Blackfoot_DictionaryTests.swift in Sources */ = {isa = PBXBuildFile; fileRef = 23E5C91919AEF62C00D4C305 /* Blackfoot_DictionaryTests.swift */; };
		23E5C91C19AEF62C00D4C305 /* Info.plist in Resources */ = {isa = PBXBuildFile; fileRef = 23E5C91A19AEF62C00D4C305 /* Info.plist */; };
		23F3B12219A7F0F8005134D0 /* blkft-dictionary.db in Resources */ = {isa = PBXBuildFile; fileRef = 23F3B12119A7F0F8005134D0 /* blkft-dictionary.db */; };
		5AEA0A129ED84975AEBFDD25 /* libPods.a in Frameworks */ = {isa = PBXBuildFile; fileRef = D9589A12F35547B28B91D044 /* libPods.a */; };
/* End PBXBuildFile section */

/* Begin PBXContainerItemProxy section */
		23DFAC7319AF00FF00D64755 /* PBXContainerItemProxy */ = {
			isa = PBXContainerItemProxy;
			containerPortal = 23F3092219A6BA6000862680 /* Project object */;
			proxyType = 1;
			remoteGlobalIDString = 23F3092919A6BA6000862680;
			remoteInfo = BlackfootDictionary;
		};
		23F3093D19A6BA6000862680 /* PBXContainerItemProxy */ = {
			isa = PBXContainerItemProxy;
			containerPortal = 23F3092219A6BA6000862680 /* Project object */;
			proxyType = 1;
			remoteGlobalIDString = 23F3092919A6BA6000862680;
			remoteInfo = "Blackfoot Dictionary";
		};
/* End PBXContainerItemProxy section */

/* Begin PBXFileReference section */
		23DFAC6E19AEF93E00D64755 /* libBlackfootTranslationEngine.a */ = {isa = PBXFileReference; lastKnownFileType = archive.ar; name = libBlackfootTranslationEngine.a; path = "BlackfootTranslationEngine/build/Debug-iphoneos/libBlackfootTranslationEngine.a"; sourceTree = "<group>"; };
		23DFAC7019AEFD2900D64755 /* BFDTranslationEngine.mm */ = {isa = PBXFileReference; fileEncoding = 4; lastKnownFileType = sourcecode.cpp.objcpp; path = BFDTranslationEngine.mm; sourceTree = "<group>"; };
		23DFAC7219AEFF4100D64755 /* BFDTranslationEngine.h */ = {isa = PBXFileReference; fileEncoding = 4; lastKnownFileType = sourcecode.c.h; path = BFDTranslationEngine.h; sourceTree = "<group>"; };
		23DFAC7519B1322200D64755 /* TranslationEngine.swift */ = {isa = PBXFileReference; fileEncoding = 4; lastKnownFileType = sourcecode.swift; path = TranslationEngine.swift; sourceTree = "<group>"; };
		23E5C90319AEF60D00D4C305 /* AppDelegate.swift */ = {isa = PBXFileReference; fileEncoding = 4; lastKnownFileType = sourcecode.swift; path = AppDelegate.swift; sourceTree = "<group>"; };
		23E5C90519AEF60D00D4C305 /* Base */ = {isa = PBXFileReference; lastKnownFileType = file.storyboard; name = Base; path = Base.lproj/Main.storyboard; sourceTree = "<group>"; };
		23E5C90619AEF60D00D4C305 /* BlackfootDictionary-Bridging-Header.h */ = {isa = PBXFileReference; fileEncoding = 4; lastKnownFileType = sourcecode.c.h; path = "BlackfootDictionary-Bridging-Header.h"; sourceTree = "<group>"; };
		23E5C90719AEF60D00D4C305 /* DatabaseUtility.swift */ = {isa = PBXFileReference; fileEncoding = 4; lastKnownFileType = sourcecode.swift; path = DatabaseUtility.swift; sourceTree = "<group>"; };
		23E5C90819AEF60D00D4C305 /* Images.xcassets */ = {isa = PBXFileReference; lastKnownFileType = folder.assetcatalog; path = Images.xcassets; sourceTree = "<group>"; };
		23E5C90919AEF60D00D4C305 /* Info.plist */ = {isa = PBXFileReference; fileEncoding = 4; lastKnownFileType = text.plist.xml; path = Info.plist; sourceTree = "<group>"; };
		23E5C90A19AEF60D00D4C305 /* MainViewController.swift */ = {isa = PBXFileReference; fileEncoding = 4; lastKnownFileType = sourcecode.swift; path = MainViewController.swift; sourceTree = "<group>"; };
		23E5C90B19AEF60D00D4C305 /* TranslateViewController.swift */ = {isa = PBXFileReference; fileEncoding = 4; lastKnownFileType = sourcecode.swift; path = TranslateViewController.swift; sourceTree = "<group>"; };
		23E5C91919AEF62C00D4C305 /* Blackfoot_DictionaryTests.swift */ = {isa = PBXFileReference; fileEncoding = 4; lastKnownFileType = sourcecode.swift; path = Blackfoot_DictionaryTests.swift; sourceTree = "<group>"; };
		23E5C91A19AEF62C00D4C305 /* Info.plist */ = {isa = PBXFileReference; fileEncoding = 4; lastKnownFileType = text.plist.xml; path = Info.plist; sourceTree = "<group>"; };
		23F3092A19A6BA6000862680 /* Blackfoot Dictionary.app */ = {isa = PBXFileReference; explicitFileType = wrapper.application; includeInIndex = 0; path = "Blackfoot Dictionary.app"; sourceTree = BUILT_PRODUCTS_DIR; };
		23F3093C19A6BA6000862680 /* BlackfootDictionaryTests.xctest */ = {isa = PBXFileReference; explicitFileType = wrapper.cfbundle; includeInIndex = 0; path = BlackfootDictionaryTests.xctest; sourceTree = BUILT_PRODUCTS_DIR; };
		23F3B12119A7F0F8005134D0 /* blkft-dictionary.db */ = {isa = PBXFileReference; lastKnownFileType = file; path = "blkft-dictionary.db"; sourceTree = "<group>"; };
		74B8EF06242C4C73884CF929 /* Pods.xcconfig */ = {isa = PBXFileReference; includeInIndex = 1; lastKnownFileType = text.xcconfig; name = Pods.xcconfig; path = Pods/Pods.xcconfig; sourceTree = "<group>"; };
		D9589A12F35547B28B91D044 /* libPods.a */ = {isa = PBXFileReference; explicitFileType = archive.ar; includeInIndex = 0; path = libPods.a; sourceTree = BUILT_PRODUCTS_DIR; };
/* End PBXFileReference section */

/* Begin PBXFrameworksBuildPhase section */
		23F3092719A6BA6000862680 /* Frameworks */ = {
			isa = PBXFrameworksBuildPhase;
			buildActionMask = 2147483647;
			files = (
				5AEA0A129ED84975AEBFDD25 /* libPods.a in Frameworks */,
			);
			runOnlyForDeploymentPostprocessing = 0;
		};
		23F3093919A6BA6000862680 /* Frameworks */ = {
			isa = PBXFrameworksBuildPhase;
			buildActionMask = 2147483647;
			files = (
			);
			runOnlyForDeploymentPostprocessing = 0;
		};
/* End PBXFrameworksBuildPhase section */

/* Begin PBXGroup section */
		23E5C90219AEF60D00D4C305 /* BlackfootDictionary */ = {
			isa = PBXGroup;
			children = (
				23E5C90319AEF60D00D4C305 /* AppDelegate.swift */,
				23E5C90419AEF60D00D4C305 /* Main.storyboard */,
				23E5C90619AEF60D00D4C305 /* BlackfootDictionary-Bridging-Header.h */,
				23E5C90719AEF60D00D4C305 /* DatabaseUtility.swift */,
				23E5C90819AEF60D00D4C305 /* Images.xcassets */,
				23E5C90919AEF60D00D4C305 /* Info.plist */,
				23E5C90A19AEF60D00D4C305 /* MainViewController.swift */,
				23E5C90B19AEF60D00D4C305 /* TranslateViewController.swift */,
				23DFAC7019AEFD2900D64755 /* BFDTranslationEngine.mm */,
				23DFAC7219AEFF4100D64755 /* BFDTranslationEngine.h */,
				23DFAC7519B1322200D64755 /* TranslationEngine.swift */,
			);
			path = BlackfootDictionary;
			sourceTree = "<group>";
		};
		23E5C91819AEF62C00D4C305 /* BlackfootDictionaryTests */ = {
			isa = PBXGroup;
			children = (
				23E5C91919AEF62C00D4C305 /* Blackfoot_DictionaryTests.swift */,
				23E5C91A19AEF62C00D4C305 /* Info.plist */,
			);
			path = BlackfootDictionaryTests;
			sourceTree = "<group>";
		};
		23F3092119A6BA6000862680 = {
			isa = PBXGroup;
			children = (
				23E5C91819AEF62C00D4C305 /* BlackfootDictionaryTests */,
				23E5C90219AEF60D00D4C305 /* BlackfootDictionary */,
				23F3B12119A7F0F8005134D0 /* blkft-dictionary.db */,
				23F3092B19A6BA6000862680 /* Products */,
				74B8EF06242C4C73884CF929 /* Pods.xcconfig */,
				54DAE921F2E0498C815D54B6 /* Frameworks */,
			);
			sourceTree = "<group>";
		};
		23F3092B19A6BA6000862680 /* Products */ = {
			isa = PBXGroup;
			children = (
				23F3092A19A6BA6000862680 /* Blackfoot Dictionary.app */,
				23F3093C19A6BA6000862680 /* BlackfootDictionaryTests.xctest */,
			);
			name = Products;
			sourceTree = "<group>";
		};
		54DAE921F2E0498C815D54B6 /* Frameworks */ = {
			isa = PBXGroup;
			children = (
				23DFAC6E19AEF93E00D64755 /* libBlackfootTranslationEngine.a */,
				D9589A12F35547B28B91D044 /* libPods.a */,
			);
			name = Frameworks;
			sourceTree = "<group>";
		};
/* End PBXGroup section */

/* Begin PBXNativeTarget section */
		23F3092919A6BA6000862680 /* BlackfootDictionary */ = {
			isa = PBXNativeTarget;
			buildConfigurationList = 23F3094619A6BA6000862680 /* Build configuration list for PBXNativeTarget "BlackfootDictionary" */;
			buildPhases = (
				A5393BFB46FA436C99D80038 /* Check Pods Manifest.lock */,
				23F3092619A6BA6000862680 /* Sources */,
				23F3092719A6BA6000862680 /* Frameworks */,
				23F3092819A6BA6000862680 /* Resources */,
				E9E867D55D6B451B95496ADC /* Copy Pods Resources */,
			);
			buildRules = (
			);
			dependencies = (
			);
			name = BlackfootDictionary;
			productName = "Blackfoot Dictionary";
			productReference = 23F3092A19A6BA6000862680 /* Blackfoot Dictionary.app */;
			productType = "com.apple.product-type.application";
		};
		23F3093B19A6BA6000862680 /* BlackfootDictionaryTests */ = {
			isa = PBXNativeTarget;
			buildConfigurationList = 23F3094919A6BA6000862680 /* Build configuration list for PBXNativeTarget "BlackfootDictionaryTests" */;
			buildPhases = (
				23F3093819A6BA6000862680 /* Sources */,
				23F3093919A6BA6000862680 /* Frameworks */,
				23F3093A19A6BA6000862680 /* Resources */,
			);
			buildRules = (
			);
			dependencies = (
				23F3093E19A6BA6000862680 /* PBXTargetDependency */,
				23DFAC7419AF00FF00D64755 /* PBXTargetDependency */,
			);
			name = BlackfootDictionaryTests;
			productName = "Blackfoot DictionaryTests";
			productReference = 23F3093C19A6BA6000862680 /* BlackfootDictionaryTests.xctest */;
			productType = "com.apple.product-type.bundle.unit-test";
		};
/* End PBXNativeTarget section */

/* Begin PBXProject section */
		23F3092219A6BA6000862680 /* Project object */ = {
			isa = PBXProject;
			attributes = {
				CLASSPREFIX = BFD;
				LastUpgradeCheck = 0600;
				ORGANIZATIONNAME = Hierarchy;
				TargetAttributes = {
					23F3092919A6BA6000862680 = {
						CreatedOnToolsVersion = 6.0;
					};
					23F3093B19A6BA6000862680 = {
						CreatedOnToolsVersion = 6.0;
						TestTargetID = 23F3092919A6BA6000862680;
					};
				};
			};
			buildConfigurationList = 23F3092519A6BA6000862680 /* Build configuration list for PBXProject "BlackfootDictionary" */;
			compatibilityVersion = "Xcode 3.2";
			developmentRegion = English;
			hasScannedForEncodings = 0;
			knownRegions = (
				en,
				Base,
			);
			mainGroup = 23F3092119A6BA6000862680;
			productRefGroup = 23F3092B19A6BA6000862680 /* Products */;
			projectDirPath = "";
			projectRoot = "";
			targets = (
				23F3092919A6BA6000862680 /* BlackfootDictionary */,
				23F3093B19A6BA6000862680 /* BlackfootDictionaryTests */,
			);
		};
/* End PBXProject section */

/* Begin PBXResourcesBuildPhase section */
		23F3092819A6BA6000862680 /* Resources */ = {
			isa = PBXResourcesBuildPhase;
			buildActionMask = 2147483647;
			files = (
				23E5C91319AEF60D00D4C305 /* Info.plist in Resources */,
				23E5C91219AEF60D00D4C305 /* Images.xcassets in Resources */,
				23F3B12219A7F0F8005134D0 /* blkft-dictionary.db in Resources */,
				23E5C91019AEF60D00D4C305 /* Main.storyboard in Resources */,
			);
			runOnlyForDeploymentPostprocessing = 0;
		};
		23F3093A19A6BA6000862680 /* Resources */ = {
			isa = PBXResourcesBuildPhase;
			buildActionMask = 2147483647;
			files = (
				23E5C91C19AEF62C00D4C305 /* Info.plist in Resources */,
			);
			runOnlyForDeploymentPostprocessing = 0;
		};
/* End PBXResourcesBuildPhase section */

/* Begin PBXShellScriptBuildPhase section */
		A5393BFB46FA436C99D80038 /* Check Pods Manifest.lock */ = {
			isa = PBXShellScriptBuildPhase;
			buildActionMask = 2147483647;
			files = (
			);
			inputPaths = (
			);
			name = "Check Pods Manifest.lock";
			outputPaths = (
			);
			runOnlyForDeploymentPostprocessing = 0;
			shellPath = /bin/sh;
			shellScript = "diff \"${PODS_ROOT}/../Podfile.lock\" \"${PODS_ROOT}/Manifest.lock\" > /dev/null\nif [[ $? != 0 ]] ; then\n    cat << EOM\nerror: The sandbox is not in sync with the Podfile.lock. Run 'pod install' or update your CocoaPods installation.\nEOM\n    exit 1\nfi\n";
			showEnvVarsInLog = 0;
		};
		E9E867D55D6B451B95496ADC /* Copy Pods Resources */ = {
			isa = PBXShellScriptBuildPhase;
			buildActionMask = 2147483647;
			files = (
			);
			inputPaths = (
			);
			name = "Copy Pods Resources";
			outputPaths = (
			);
			runOnlyForDeploymentPostprocessing = 0;
			shellPath = /bin/sh;
			shellScript = "\"${SRCROOT}/Pods/Pods-resources.sh\"\n";
			showEnvVarsInLog = 0;
		};
/* End PBXShellScriptBuildPhase section */

/* Begin PBXSourcesBuildPhase section */
		23F3092619A6BA6000862680 /* Sources */ = {
			isa = PBXSourcesBuildPhase;
			buildActionMask = 2147483647;
			files = (
				23E5C91419AEF60D00D4C305 /* MainViewController.swift in Sources */,
				23E5C91519AEF60D00D4C305 /* TranslateViewController.swift in Sources */,
				23DFAC7119AEFD2900D64755 /* BFDTranslationEngine.mm in Sources */,
				23DFAC7619B1322200D64755 /* TranslationEngine.swift in Sources */,
				23E5C91119AEF60D00D4C305 /* DatabaseUtility.swift in Sources */,
				23E5C90F19AEF60D00D4C305 /* AppDelegate.swift in Sources */,
			);
			runOnlyForDeploymentPostprocessing = 0;
		};
		23F3093819A6BA6000862680 /* Sources */ = {
			isa = PBXSourcesBuildPhase;
			buildActionMask = 2147483647;
			files = (
				23E5C91B19AEF62C00D4C305 /* Blackfoot_DictionaryTests.swift in Sources */,
			);
			runOnlyForDeploymentPostprocessing = 0;
		};
/* End PBXSourcesBuildPhase section */

/* Begin PBXTargetDependency section */
		23DFAC7419AF00FF00D64755 /* PBXTargetDependency */ = {
			isa = PBXTargetDependency;
			target = 23F3092919A6BA6000862680 /* BlackfootDictionary */;
			targetProxy = 23DFAC7319AF00FF00D64755 /* PBXContainerItemProxy */;
		};
		23F3093E19A6BA6000862680 /* PBXTargetDependency */ = {
			isa = PBXTargetDependency;
			target = 23F3092919A6BA6000862680 /* BlackfootDictionary */;
			targetProxy = 23F3093D19A6BA6000862680 /* PBXContainerItemProxy */;
		};
/* End PBXTargetDependency section */

/* Begin PBXVariantGroup section */
		23E5C90419AEF60D00D4C305 /* Main.storyboard */ = {
			isa = PBXVariantGroup;
			children = (
				23E5C90519AEF60D00D4C305 /* Base */,
			);
			name = Main.storyboard;
			sourceTree = "<group>";
		};
/* End PBXVariantGroup section */

/* Begin XCBuildConfiguration section */
		23F3094419A6BA6000862680 /* Debug */ = {
			isa = XCBuildConfiguration;
			buildSettings = {
				ALWAYS_SEARCH_USER_PATHS = NO;
				CLANG_CXX_LANGUAGE_STANDARD = "gnu++0x";
				CLANG_CXX_LIBRARY = "libc++";
				CLANG_ENABLE_MODULES = YES;
				CLANG_ENABLE_OBJC_ARC = YES;
				CLANG_WARN_BOOL_CONVERSION = YES;
				CLANG_WARN_CONSTANT_CONVERSION = YES;
				CLANG_WARN_DIRECT_OBJC_ISA_USAGE = YES_ERROR;
				CLANG_WARN_EMPTY_BODY = YES;
				CLANG_WARN_ENUM_CONVERSION = YES;
				CLANG_WARN_INT_CONVERSION = YES;
				CLANG_WARN_OBJC_ROOT_CLASS = YES_ERROR;
				CLANG_WARN_UNREACHABLE_CODE = YES;
				CLANG_WARN__DUPLICATE_METHOD_MATCH = YES;
				"CODE_SIGN_IDENTITY[sdk=iphoneos*]" = "iPhone Developer";
				COPY_PHASE_STRIP = NO;
				ENABLE_STRICT_OBJC_MSGSEND = YES;
				GCC_C_LANGUAGE_STANDARD = gnu99;
				GCC_DYNAMIC_NO_PIC = NO;
				GCC_OPTIMIZATION_LEVEL = 0;
				GCC_PREPROCESSOR_DEFINITIONS = (
					"DEBUG=1",
					"$(inherited)",
				);
				GCC_SYMBOLS_PRIVATE_EXTERN = NO;
				GCC_WARN_64_TO_32_BIT_CONVERSION = YES;
				GCC_WARN_ABOUT_RETURN_TYPE = YES_ERROR;
				GCC_WARN_UNDECLARED_SELECTOR = YES;
				GCC_WARN_UNINITIALIZED_AUTOS = YES_AGGRESSIVE;
				GCC_WARN_UNUSED_FUNCTION = YES;
				GCC_WARN_UNUSED_VARIABLE = YES;
				IPHONEOS_DEPLOYMENT_TARGET = 8.0;
				MTL_ENABLE_DEBUG_INFO = YES;
				ONLY_ACTIVE_ARCH = YES;
				SDKROOT = iphoneos;
				SWIFT_OPTIMIZATION_LEVEL = "-Onone";
			};
			name = Debug;
		};
		23F3094519A6BA6000862680 /* Release */ = {
			isa = XCBuildConfiguration;
			buildSettings = {
				ALWAYS_SEARCH_USER_PATHS = NO;
				CLANG_CXX_LANGUAGE_STANDARD = "gnu++0x";
				CLANG_CXX_LIBRARY = "libc++";
				CLANG_ENABLE_MODULES = YES;
				CLANG_ENABLE_OBJC_ARC = YES;
				CLANG_WARN_BOOL_CONVERSION = YES;
				CLANG_WARN_CONSTANT_CONVERSION = YES;
				CLANG_WARN_DIRECT_OBJC_ISA_USAGE = YES_ERROR;
				CLANG_WARN_EMPTY_BODY = YES;
				CLANG_WARN_ENUM_CONVERSION = YES;
				CLANG_WARN_INT_CONVERSION = YES;
				CLANG_WARN_OBJC_ROOT_CLASS = YES_ERROR;
				CLANG_WARN_UNREACHABLE_CODE = YES;
				CLANG_WARN__DUPLICATE_METHOD_MATCH = YES;
				"CODE_SIGN_IDENTITY[sdk=iphoneos*]" = "iPhone Developer";
				COPY_PHASE_STRIP = YES;
				ENABLE_NS_ASSERTIONS = NO;
				ENABLE_STRICT_OBJC_MSGSEND = YES;
				GCC_C_LANGUAGE_STANDARD = gnu99;
				GCC_WARN_64_TO_32_BIT_CONVERSION = YES;
				GCC_WARN_ABOUT_RETURN_TYPE = YES_ERROR;
				GCC_WARN_UNDECLARED_SELECTOR = YES;
				GCC_WARN_UNINITIALIZED_AUTOS = YES_AGGRESSIVE;
				GCC_WARN_UNUSED_FUNCTION = YES;
				GCC_WARN_UNUSED_VARIABLE = YES;
				IPHONEOS_DEPLOYMENT_TARGET = 8.0;
				MTL_ENABLE_DEBUG_INFO = NO;
				SDKROOT = iphoneos;
				VALIDATE_PRODUCT = YES;
			};
			name = Release;
		};
		23F3094719A6BA6000862680 /* Debug */ = {
			isa = XCBuildConfiguration;
			baseConfigurationReference = 74B8EF06242C4C73884CF929 /* Pods.xcconfig */;
			buildSettings = {
				ASSETCATALOG_COMPILER_APPICON_NAME = AppIcon;
				ASSETCATALOG_COMPILER_LAUNCHIMAGE_NAME = LaunchImage;
				CLANG_ENABLE_MODULES = YES;
				INFOPLIST_FILE = "$(SRCROOT)/BlackfootDictionary/Info.plist";
				LD_RUNPATH_SEARCH_PATHS = "$(inherited) @executable_path/Frameworks";
				LIBRARY_SEARCH_PATHS = (
					"$(inherited)",
					"$(PROJECT_DIR)/BlackfootTranslationEngine/build/Debug-iphoneos",
				);
				PRODUCT_NAME = "Blackfoot Dictionary";
				SWIFT_INCLUDE_PATHS = "";
				SWIFT_OBJC_BRIDGING_HEADER = "BlackfootDictionary/BlackfootDictionary-Bridging-Header.h";
				SWIFT_OPTIMIZATION_LEVEL = "-Onone";
				TARGETED_DEVICE_FAMILY = 1;
				USER_HEADER_SEARCH_PATHS = "";
			};
			name = Debug;
		};
		23F3094819A6BA6000862680 /* Release */ = {
			isa = XCBuildConfiguration;
			baseConfigurationReference = 74B8EF06242C4C73884CF929 /* Pods.xcconfig */;
			buildSettings = {
				ASSETCATALOG_COMPILER_APPICON_NAME = AppIcon;
				ASSETCATALOG_COMPILER_LAUNCHIMAGE_NAME = LaunchImage;
				CLANG_ENABLE_MODULES = YES;
				INFOPLIST_FILE = "$(SRCROOT)/BlackfootDictionary/Info.plist";
				LD_RUNPATH_SEARCH_PATHS = "$(inherited) @executable_path/Frameworks";
				LIBRARY_SEARCH_PATHS = (
					"$(inherited)",
					"$(PROJECT_DIR)/BlackfootTranslationEngine/build/Debug-iphoneos",
				);
				PRODUCT_NAME = "Blackfoot Dictionary";
				SWIFT_INCLUDE_PATHS = "";
				SWIFT_OBJC_BRIDGING_HEADER = "BlackfootDictionary/BlackfootDictionary-Bridging-Header.h";
				TARGETED_DEVICE_FAMILY = 1;
				USER_HEADER_SEARCH_PATHS = "";
			};
			name = Release;
		};
		23F3094A19A6BA6000862680 /* Debug */ = {
			isa = XCBuildConfiguration;
			buildSettings = {
				BUNDLE_LOADER = "$(TEST_HOST)";
				FRAMEWORK_SEARCH_PATHS = (
					"$(SDKROOT)/Developer/Library/Frameworks",
					"$(inherited)",
				);
				GCC_PREPROCESSOR_DEFINITIONS = (
					"DEBUG=1",
					"$(inherited)",
				);
				INFOPLIST_FILE = BlackfootDictionaryTests/Info.plist;
				LD_RUNPATH_SEARCH_PATHS = "$(inherited) @executable_path/Frameworks @loader_path/Frameworks";
				PRODUCT_NAME = BlackfootDictionaryTests;
				TEST_HOST = "$(BUILT_PRODUCTS_DIR)/BlackfootDictionary.app/BlackfootDictionary";
			};
			name = Debug;
		};
		23F3094B19A6BA6000862680 /* Release */ = {
			isa = XCBuildConfiguration;
			buildSettings = {
				BUNDLE_LOADER = "$(TEST_HOST)";
				FRAMEWORK_SEARCH_PATHS = (
					"$(SDKROOT)/Developer/Library/Frameworks",
					"$(inherited)",
				);
				INFOPLIST_FILE = BlackfootDictionaryTests/Info.plist;
				LD_RUNPATH_SEARCH_PATHS = "$(inherited) @executable_path/Frameworks @loader_path/Frameworks";
				PRODUCT_NAME = BlackfootDictionaryTests;
				TEST_HOST = "$(BUILT_PRODUCTS_DIR)/BlackfootDictionary.app/BlackfootDictionary";
			};
			name = Release;
		};
/* End XCBuildConfiguration section */

/* Begin XCConfigurationList section */
		23F3092519A6BA6000862680 /* Build configuration list for PBXProject "BlackfootDictionary" */ = {
			isa = XCConfigurationList;
			buildConfigurations = (
				23F3094419A6BA6000862680 /* Debug */,
				23F3094519A6BA6000862680 /* Release */,
			);
			defaultConfigurationIsVisible = 0;
			defaultConfigurationName = Release;
		};
		23F3094619A6BA6000862680 /* Build configuration list for PBXNativeTarget "BlackfootDictionary" */ = {
			isa = XCConfigurationList;
			buildConfigurations = (
				23F3094719A6BA6000862680 /* Debug */,
				23F3094819A6BA6000862680 /* Release */,
			);
			defaultConfigurationIsVisible = 0;
			defaultConfigurationName = Release;
		};
		23F3094919A6BA6000862680 /* Build configuration list for PBXNativeTarget "BlackfootDictionaryTests" */ = {
			isa = XCConfigurationList;
			buildConfigurations = (
				23F3094A19A6BA6000862680 /* Debug */,
				23F3094B19A6BA6000862680 /* Release */,
			);
			defaultConfigurationIsVisible = 0;
			defaultConfigurationName = Release;
		};
/* End XCConfigurationList section */
	};
	rootObject = 23F3092219A6BA6000862680 /* Project object */;
}
