// !$*UTF8*$!
{
	archiveVersion = 1;
	classes = {
	};
	objectVersion = 46;
	objects = {

/* Begin PBXBuildFile section */
		232203B31BA944C8006473A8 /* BlackfootDictionaryTests.swift in Sources */ = {isa = PBXBuildFile; fileRef = 232203B11BA944C8006473A8 /* BlackfootDictionaryTests.swift */; };
		232203B41BA944C8006473A8 /* Info.plist in Resources */ = {isa = PBXBuildFile; fileRef = 232203B21BA944C8006473A8 /* Info.plist */; };
		23DFAC9519B7E11A00D64755 /* AppDelegate.swift in Sources */ = {isa = PBXBuildFile; fileRef = 23DFAC8019B7E11A00D64755 /* AppDelegate.swift */; };
		23DFAC9619B7E11A00D64755 /* MainViewController.swift in Sources */ = {isa = PBXBuildFile; fileRef = 23DFAC8319B7E11A00D64755 /* MainViewController.swift */; };
		23DFAC9719B7E11A00D64755 /* RandomWordViewController.swift in Sources */ = {isa = PBXBuildFile; fileRef = 23DFAC8419B7E11A00D64755 /* RandomWordViewController.swift */; };
		23DFAC9819B7E11A00D64755 /* TranslateViewController.swift in Sources */ = {isa = PBXBuildFile; fileRef = 23DFAC8519B7E11A00D64755 /* TranslateViewController.swift */; };
		23DFAC9919B7E11A00D64755 /* DatabaseUtility.swift in Sources */ = {isa = PBXBuildFile; fileRef = 23DFAC8719B7E11A00D64755 /* DatabaseUtility.swift */; };
		23DFAC9A19B7E11A00D64755 /* TranslationEngineWrapper.swift in Sources */ = {isa = PBXBuildFile; fileRef = 23DFAC8819B7E11A00D64755 /* TranslationEngineWrapper.swift */; };
		23DFAC9B19B7E11A00D64755 /* Main.storyboard in Resources */ = {isa = PBXBuildFile; fileRef = 23DFAC8A19B7E11A00D64755 /* Main.storyboard */; };
		23DFAC9C19B7E11A00D64755 /* blkft-dictionary.db in Resources */ = {isa = PBXBuildFile; fileRef = 23DFAC8C19B7E11A00D64755 /* blkft-dictionary.db */; };
		23DFAC9D19B7E11A00D64755 /* Images.xcassets in Resources */ = {isa = PBXBuildFile; fileRef = 23DFAC8D19B7E11A00D64755 /* Images.xcassets */; };
		23DFAC9F19B7E11A00D64755 /* BFDTranslationEngine.mm in Sources */ = {isa = PBXBuildFile; fileRef = 23DFAC9119B7E11A00D64755 /* BFDTranslationEngine.mm */; };
		5AEA0A129ED84975AEBFDD25 /* libPods.a in Frameworks */ = {isa = PBXBuildFile; fileRef = D9589A12F35547B28B91D044 /* libPods.a */; };
/* End PBXBuildFile section */

/* Begin PBXContainerItemProxy section */
		231F55E319B7E82B00750E1C /* PBXContainerItemProxy */ = {
			isa = PBXContainerItemProxy;
			containerPortal = 23F3092219A6BA6000862680 /* Project object */;
			proxyType = 1;
			remoteGlobalIDString = 23F3092919A6BA6000862680;
			remoteInfo = BlackfootDictionary;
		};
/* End PBXContainerItemProxy section */

/* Begin PBXFileReference section */
		231F55DD19B7E82B00750E1C /* BlackfootDictionary Tests.xctest */ = {isa = PBXFileReference; explicitFileType = wrapper.cfbundle; includeInIndex = 0; path = "BlackfootDictionary Tests.xctest"; sourceTree = BUILT_PRODUCTS_DIR; };
		232203B11BA944C8006473A8 /* BlackfootDictionaryTests.swift */ = {isa = PBXFileReference; fileEncoding = 4; lastKnownFileType = sourcecode.swift; name = BlackfootDictionaryTests.swift; path = BlackfootDictionaryTests/BlackfootDictionaryTests.swift; sourceTree = SOURCE_ROOT; };
		232203B21BA944C8006473A8 /* Info.plist */ = {isa = PBXFileReference; fileEncoding = 4; lastKnownFileType = text.plist.xml; name = Info.plist; path = BlackfootDictionaryTests/Info.plist; sourceTree = SOURCE_ROOT; };
		232203C11BA9465E006473A8 /* BlackfootDictionary Tests copy-Info.plist */ = {isa = PBXFileReference; lastKnownFileType = text.plist.xml; name = "BlackfootDictionary Tests copy-Info.plist"; path = "/Users/nicolaslangley/Development/Xcode Projects/Blackfoot-Dictionary-iOS/BlackfootDictionary Tests copy-Info.plist"; sourceTree = "<absolute>"; };
		23DFAC6E19AEF93E00D64755 /* libBlackfootTranslationEngine.a */ = {isa = PBXFileReference; lastKnownFileType = archive.ar; name = libBlackfootTranslationEngine.a; path = "BlackfootTranslationEngine/build/Debug-iphoneos/libBlackfootTranslationEngine.a"; sourceTree = "<group>"; };
		23DFAC8019B7E11A00D64755 /* AppDelegate.swift */ = {isa = PBXFileReference; fileEncoding = 4; lastKnownFileType = sourcecode.swift; path = AppDelegate.swift; sourceTree = "<group>"; };
		23DFAC8119B7E11A00D64755 /* BlackfootDictionary-Bridging-Header.h */ = {isa = PBXFileReference; fileEncoding = 4; lastKnownFileType = sourcecode.c.h; path = "BlackfootDictionary-Bridging-Header.h"; sourceTree = "<group>"; };
		23DFAC8319B7E11A00D64755 /* MainViewController.swift */ = {isa = PBXFileReference; fileEncoding = 4; lastKnownFileType = sourcecode.swift; path = MainViewController.swift; sourceTree = "<group>"; };
		23DFAC8419B7E11A00D64755 /* RandomWordViewController.swift */ = {isa = PBXFileReference; fileEncoding = 4; lastKnownFileType = sourcecode.swift; path = RandomWordViewController.swift; sourceTree = "<group>"; };
		23DFAC8519B7E11A00D64755 /* TranslateViewController.swift */ = {isa = PBXFileReference; fileEncoding = 4; lastKnownFileType = sourcecode.swift; path = TranslateViewController.swift; sourceTree = "<group>"; };
		23DFAC8719B7E11A00D64755 /* DatabaseUtility.swift */ = {isa = PBXFileReference; fileEncoding = 4; lastKnownFileType = sourcecode.swift; path = DatabaseUtility.swift; sourceTree = "<group>"; };
		23DFAC8819B7E11A00D64755 /* TranslationEngineWrapper.swift */ = {isa = PBXFileReference; fileEncoding = 4; lastKnownFileType = sourcecode.swift; path = TranslationEngineWrapper.swift; sourceTree = "<group>"; };
		23DFAC8B19B7E11A00D64755 /* Base */ = {isa = PBXFileReference; lastKnownFileType = file.storyboard; name = Base; path = Base.lproj/Main.storyboard; sourceTree = "<group>"; };
		23DFAC8C19B7E11A00D64755 /* blkft-dictionary.db */ = {isa = PBXFileReference; lastKnownFileType = file; path = "blkft-dictionary.db"; sourceTree = "<group>"; };
		23DFAC8D19B7E11A00D64755 /* Images.xcassets */ = {isa = PBXFileReference; lastKnownFileType = folder.assetcatalog; path = Images.xcassets; sourceTree = "<group>"; };
		23DFAC8E19B7E11A00D64755 /* Info.plist */ = {isa = PBXFileReference; fileEncoding = 4; lastKnownFileType = text.plist.xml; path = Info.plist; sourceTree = "<group>"; };
		23DFAC9019B7E11A00D64755 /* BFDTranslationEngine.h */ = {isa = PBXFileReference; fileEncoding = 4; lastKnownFileType = sourcecode.c.h; path = BFDTranslationEngine.h; sourceTree = "<group>"; };
		23DFAC9119B7E11A00D64755 /* BFDTranslationEngine.mm */ = {isa = PBXFileReference; fileEncoding = 4; lastKnownFileType = sourcecode.cpp.objcpp; path = BFDTranslationEngine.mm; sourceTree = "<group>"; };
		23F3092A19A6BA6000862680 /* Blackfoot Dictionary.app */ = {isa = PBXFileReference; explicitFileType = wrapper.application; includeInIndex = 0; path = "Blackfoot Dictionary.app"; sourceTree = BUILT_PRODUCTS_DIR; };
		916B070946BE666A571E0700 /* Pods.debug.xcconfig */ = {isa = PBXFileReference; includeInIndex = 1; lastKnownFileType = text.xcconfig; name = Pods.debug.xcconfig; path = "Pods/Target Support Files/Pods/Pods.debug.xcconfig"; sourceTree = "<group>"; };
		C44107700CA91DF2FDDC6529 /* Pods.release.xcconfig */ = {isa = PBXFileReference; includeInIndex = 1; lastKnownFileType = text.xcconfig; name = Pods.release.xcconfig; path = "Pods/Target Support Files/Pods/Pods.release.xcconfig"; sourceTree = "<group>"; };
		D9589A12F35547B28B91D044 /* libPods.a */ = {isa = PBXFileReference; explicitFileType = archive.ar; includeInIndex = 0; path = libPods.a; sourceTree = BUILT_PRODUCTS_DIR; };
/* End PBXFileReference section */

/* Begin PBXFrameworksBuildPhase section */
		231F55DA19B7E82B00750E1C /* Frameworks */ = {
			isa = PBXFrameworksBuildPhase;
			buildActionMask = 2147483647;
			files = (
			);
			runOnlyForDeploymentPostprocessing = 0;
		};
		23F3092719A6BA6000862680 /* Frameworks */ = {
			isa = PBXFrameworksBuildPhase;
			buildActionMask = 2147483647;
			files = (
				5AEA0A129ED84975AEBFDD25 /* libPods.a in Frameworks */,
			);
			runOnlyForDeploymentPostprocessing = 0;
		};
/* End PBXFrameworksBuildPhase section */

/* Begin PBXGroup section */
		231F55DE19B7E82B00750E1C /* BlackfootDictionaryTests */ = {
			isa = PBXGroup;
			children = (
				232203B11BA944C8006473A8 /* BlackfootDictionaryTests.swift */,
				232203B21BA944C8006473A8 /* Info.plist */,
			);
			name = BlackfootDictionaryTests;
			path = "BlackfootDictionary Tests";
			sourceTree = "<group>";
		};
		23DFAC7E19B7E11A00D64755 /* BlackfootDictionary */ = {
			isa = PBXGroup;
			children = (
				23DFAC7F19B7E11A00D64755 /* Application */,
				23DFAC8219B7E11A00D64755 /* Controllers */,
				23DFAC8619B7E11A00D64755 /* Helpers */,
				23DFAC8919B7E11A00D64755 /* Resources */,
				23DFAC8F19B7E11A00D64755 /* TranslationEngine */,
			);
			path = BlackfootDictionary;
			sourceTree = "<group>";
		};
		23DFAC7F19B7E11A00D64755 /* Application */ = {
			isa = PBXGroup;
			children = (
				23DFAC8019B7E11A00D64755 /* AppDelegate.swift */,
				23DFAC8119B7E11A00D64755 /* BlackfootDictionary-Bridging-Header.h */,
			);
			path = Application;
			sourceTree = "<group>";
		};
		23DFAC8219B7E11A00D64755 /* Controllers */ = {
			isa = PBXGroup;
			children = (
				23DFAC8319B7E11A00D64755 /* MainViewController.swift */,
				23DFAC8419B7E11A00D64755 /* RandomWordViewController.swift */,
				23DFAC8519B7E11A00D64755 /* TranslateViewController.swift */,
			);
			path = Controllers;
			sourceTree = "<group>";
		};
		23DFAC8619B7E11A00D64755 /* Helpers */ = {
			isa = PBXGroup;
			children = (
				23DFAC8719B7E11A00D64755 /* DatabaseUtility.swift */,
				23DFAC8819B7E11A00D64755 /* TranslationEngineWrapper.swift */,
			);
			path = Helpers;
			sourceTree = "<group>";
		};
		23DFAC8919B7E11A00D64755 /* Resources */ = {
			isa = PBXGroup;
			children = (
				23DFAC8A19B7E11A00D64755 /* Main.storyboard */,
				23DFAC8C19B7E11A00D64755 /* blkft-dictionary.db */,
				23DFAC8D19B7E11A00D64755 /* Images.xcassets */,
				23DFAC8E19B7E11A00D64755 /* Info.plist */,
			);
			path = Resources;
			sourceTree = "<group>";
		};
		23DFAC8F19B7E11A00D64755 /* TranslationEngine */ = {
			isa = PBXGroup;
			children = (
				23DFAC9019B7E11A00D64755 /* BFDTranslationEngine.h */,
				23DFAC9119B7E11A00D64755 /* BFDTranslationEngine.mm */,
			);
			path = TranslationEngine;
			sourceTree = "<group>";
		};
		23F3092119A6BA6000862680 = {
			isa = PBXGroup;
			children = (
				23DFAC7E19B7E11A00D64755 /* BlackfootDictionary */,
				231F55DE19B7E82B00750E1C /* BlackfootDictionaryTests */,
				23F3092B19A6BA6000862680 /* Products */,
				54DAE921F2E0498C815D54B6 /* Frameworks */,
				DD0A12BF8DA06757D603F7DB /* Pods */,
				232203C11BA9465E006473A8 /* BlackfootDictionary Tests copy-Info.plist */,
			);
			sourceTree = "<group>";
		};
		23F3092B19A6BA6000862680 /* Products */ = {
			isa = PBXGroup;
			children = (
				23F3092A19A6BA6000862680 /* Blackfoot Dictionary.app */,
				231F55DD19B7E82B00750E1C /* BlackfootDictionary Tests.xctest */,
			);
			name = Products;
			sourceTree = "<group>";
		};
		54DAE921F2E0498C815D54B6 /* Frameworks */ = {
			isa = PBXGroup;
			children = (
				23DFAC6E19AEF93E00D64755 /* libBlackfootTranslationEngine.a */,
				D9589A12F35547B28B91D044 /* libPods.a */,
			);
			name = Frameworks;
			sourceTree = "<group>";
		};
		DD0A12BF8DA06757D603F7DB /* Pods */ = {
			isa = PBXGroup;
			children = (
				916B070946BE666A571E0700 /* Pods.debug.xcconfig */,
				C44107700CA91DF2FDDC6529 /* Pods.release.xcconfig */,
			);
			name = Pods;
			sourceTree = "<group>";
		};
/* End PBXGroup section */

/* Begin PBXNativeTarget section */
		231F55DC19B7E82B00750E1C /* BlackfootDictionaryTests */ = {
			isa = PBXNativeTarget;
			buildConfigurationList = 231F55E519B7E82B00750E1C /* Build configuration list for PBXNativeTarget "BlackfootDictionaryTests" */;
			buildPhases = (
				231F55D919B7E82B00750E1C /* Sources */,
				231F55DA19B7E82B00750E1C /* Frameworks */,
				231F55DB19B7E82B00750E1C /* Resources */,
			);
			buildRules = (
			);
			dependencies = (
				231F55E419B7E82B00750E1C /* PBXTargetDependency */,
			);
			name = BlackfootDictionaryTests;
			productName = "BlackfootDictionary Tests";
			productReference = 231F55DD19B7E82B00750E1C /* BlackfootDictionary Tests.xctest */;
			productType = "com.apple.product-type.bundle.unit-test";
		};
		23F3092919A6BA6000862680 /* BlackfootDictionary */ = {
			isa = PBXNativeTarget;
			buildConfigurationList = 23F3094619A6BA6000862680 /* Build configuration list for PBXNativeTarget "BlackfootDictionary" */;
			buildPhases = (
				A5393BFB46FA436C99D80038 /* Check Pods Manifest.lock */,
				23F3092619A6BA6000862680 /* Sources */,
				23F3092719A6BA6000862680 /* Frameworks */,
				23F3092819A6BA6000862680 /* Resources */,
				E9E867D55D6B451B95496ADC /* Copy Pods Resources */,
			);
			buildRules = (
			);
			dependencies = (
			);
			name = BlackfootDictionary;
			productName = "Blackfoot Dictionary";
			productReference = 23F3092A19A6BA6000862680 /* Blackfoot Dictionary.app */;
			productType = "com.apple.product-type.application";
		};
/* End PBXNativeTarget section */

/* Begin PBXProject section */
		23F3092219A6BA6000862680 /* Project object */ = {
			isa = PBXProject;
			attributes = {
				CLASSPREFIX = BFD;
				LastUpgradeCheck = 0600;
				ORGANIZATIONNAME = Hierarchy;
				TargetAttributes = {
					231F55DC19B7E82B00750E1C = {
						CreatedOnToolsVersion = 6.0;
						TestTargetID = 23F3092919A6BA6000862680;
					};
					23F3092919A6BA6000862680 = {
						CreatedOnToolsVersion = 6.0;
					};
				};
			};
			buildConfigurationList = 23F3092519A6BA6000862680 /* Build configuration list for PBXProject "BlackfootDictionary" */;
			compatibilityVersion = "Xcode 3.2";
			developmentRegion = English;
			hasScannedForEncodings = 0;
			knownRegions = (
				en,
				Base,
			);
			mainGroup = 23F3092119A6BA6000862680;
			productRefGroup = 23F3092B19A6BA6000862680 /* Products */;
			projectDirPath = "";
			projectRoot = "";
			targets = (
				23F3092919A6BA6000862680 /* BlackfootDictionary */,
				231F55DC19B7E82B00750E1C /* BlackfootDictionaryTests */,
			);
		};
/* End PBXProject section */

/* Begin PBXResourcesBuildPhase section */
		231F55DB19B7E82B00750E1C /* Resources */ = {
			isa = PBXResourcesBuildPhase;
			buildActionMask = 2147483647;
			files = (
				232203B41BA944C8006473A8 /* Info.plist in Resources */,
			);
			runOnlyForDeploymentPostprocessing = 0;
		};
		23F3092819A6BA6000862680 /* Resources */ = {
			isa = PBXResourcesBuildPhase;
			buildActionMask = 2147483647;
			files = (
				23DFAC9D19B7E11A00D64755 /* Images.xcassets in Resources */,
				23DFAC9B19B7E11A00D64755 /* Main.storyboard in Resources */,
				23DFAC9C19B7E11A00D64755 /* blkft-dictionary.db in Resources */,
			);
			runOnlyForDeploymentPostprocessing = 0;
		};
/* End PBXResourcesBuildPhase section */

/* Begin PBXShellScriptBuildPhase section */
		A5393BFB46FA436C99D80038 /* Check Pods Manifest.lock */ = {
			isa = PBXShellScriptBuildPhase;
			buildActionMask = 2147483647;
			files = (
			);
			inputPaths = (
			);
			name = "Check Pods Manifest.lock";
			outputPaths = (
			);
			runOnlyForDeploymentPostprocessing = 0;
			shellPath = /bin/sh;
			shellScript = "diff \"${PODS_ROOT}/../Podfile.lock\" \"${PODS_ROOT}/Manifest.lock\" > /dev/null\nif [[ $? != 0 ]] ; then\n    cat << EOM\nerror: The sandbox is not in sync with the Podfile.lock. Run 'pod install' or update your CocoaPods installation.\nEOM\n    exit 1\nfi\n";
			showEnvVarsInLog = 0;
		};
		E9E867D55D6B451B95496ADC /* Copy Pods Resources */ = {
			isa = PBXShellScriptBuildPhase;
			buildActionMask = 2147483647;
			files = (
			);
			inputPaths = (
			);
			name = "Copy Pods Resources";
			outputPaths = (
			);
			runOnlyForDeploymentPostprocessing = 0;
			shellPath = /bin/sh;
			shellScript = "\"${SRCROOT}/Pods/Target Support Files/Pods/Pods-resources.sh\"\n";
			showEnvVarsInLog = 0;
		};
/* End PBXShellScriptBuildPhase section */

/* Begin PBXSourcesBuildPhase section */
		231F55D919B7E82B00750E1C /* Sources */ = {
			isa = PBXSourcesBuildPhase;
			buildActionMask = 2147483647;
			files = (
				232203B31BA944C8006473A8 /* BlackfootDictionaryTests.swift in Sources */,
			);
			runOnlyForDeploymentPostprocessing = 0;
		};
		23F3092619A6BA6000862680 /* Sources */ = {
			isa = PBXSourcesBuildPhase;
			buildActionMask = 2147483647;
			files = (
				23DFAC9919B7E11A00D64755 /* DatabaseUtility.swift in Sources */,
				23DFAC9519B7E11A00D64755 /* AppDelegate.swift in Sources */,
				23DFAC9819B7E11A00D64755 /* TranslateViewController.swift in Sources */,
				23DFAC9719B7E11A00D64755 /* RandomWordViewController.swift in Sources */,
				23DFAC9F19B7E11A00D64755 /* BFDTranslationEngine.mm in Sources */,
				23DFAC9619B7E11A00D64755 /* MainViewController.swift in Sources */,
				23DFAC9A19B7E11A00D64755 /* TranslationEngineWrapper.swift in Sources */,
			);
			runOnlyForDeploymentPostprocessing = 0;
		};
/* End PBXSourcesBuildPhase section */

/* Begin PBXTargetDependency section */
		231F55E419B7E82B00750E1C /* PBXTargetDependency */ = {
			isa = PBXTargetDependency;
			target = 23F3092919A6BA6000862680 /* BlackfootDictionary */;
			targetProxy = 231F55E319B7E82B00750E1C /* PBXContainerItemProxy */;
		};
/* End PBXTargetDependency section */

/* Begin PBXVariantGroup section */
		23DFAC8A19B7E11A00D64755 /* Main.storyboard */ = {
			isa = PBXVariantGroup;
			children = (
				23DFAC8B19B7E11A00D64755 /* Base */,
			);
			name = Main.storyboard;
			sourceTree = "<group>";
		};
/* End PBXVariantGroup section */

/* Begin XCBuildConfiguration section */
		231F55E619B7E82B00750E1C /* Debug */ = {
			isa = XCBuildConfiguration;
			buildSettings = {
				FRAMEWORK_SEARCH_PATHS = (
					"$(SDKROOT)/Developer/Library/Frameworks",
					"$(inherited)",
				);
				GCC_PREPROCESSOR_DEFINITIONS = (
					"DEBUG=1",
					"$(inherited)",
				);
				INFOPLIST_FILE = BlackfootDictionaryTests/Info.plist;
				LD_RUNPATH_SEARCH_PATHS = "$(inherited) @executable_path/Frameworks @loader_path/Frameworks";
				PRODUCT_NAME = "$(TARGET_NAME)";
				TEST_HOST = "$(BUILT_PRODUCTS_DIR)/Blackfoot Dictionary.app/Blackfoot Dictionary";
			};
			name = Debug;
		};
		231F55E719B7E82B00750E1C /* Release */ = {
			isa = XCBuildConfiguration;
			buildSettings = {
				FRAMEWORK_SEARCH_PATHS = (
					"$(SDKROOT)/Developer/Library/Frameworks",
					"$(inherited)",
				);
				INFOPLIST_FILE = BlackfootDictionaryTests/Info.plist;
				LD_RUNPATH_SEARCH_PATHS = "$(inherited) @executable_path/Frameworks @loader_path/Frameworks";
				PRODUCT_NAME = "$(TARGET_NAME)";
				TEST_HOST = "$(BUILT_PRODUCTS_DIR)/Blackfoot Dictionary.app/Blackfoot Dictionary";
			};
			name = Release;
		};
		23F3094419A6BA6000862680 /* Debug */ = {
			isa = XCBuildConfiguration;
			buildSettings = {
				ALWAYS_SEARCH_USER_PATHS = NO;
				CLANG_CXX_LANGUAGE_STANDARD = "gnu++0x";
				CLANG_CXX_LIBRARY = "libc++";
				CLANG_ENABLE_MODULES = YES;
				CLANG_ENABLE_OBJC_ARC = YES;
				CLANG_WARN_BOOL_CONVERSION = YES;
				CLANG_WARN_CONSTANT_CONVERSION = YES;
				CLANG_WARN_DIRECT_OBJC_ISA_USAGE = YES_ERROR;
				CLANG_WARN_EMPTY_BODY = YES;
				CLANG_WARN_ENUM_CONVERSION = YES;
				CLANG_WARN_INT_CONVERSION = YES;
				CLANG_WARN_OBJC_ROOT_CLASS = YES_ERROR;
				CLANG_WARN_UNREACHABLE_CODE = YES;
				CLANG_WARN__DUPLICATE_METHOD_MATCH = YES;
				"CODE_SIGN_IDENTITY[sdk=iphoneos*]" = "iPhone Developer";
				COPY_PHASE_STRIP = NO;
				ENABLE_STRICT_OBJC_MSGSEND = YES;
				GCC_C_LANGUAGE_STANDARD = gnu99;
				GCC_DYNAMIC_NO_PIC = NO;
				GCC_OPTIMIZATION_LEVEL = 0;
				GCC_PREPROCESSOR_DEFINITIONS = (
					"DEBUG=1",
					"$(inherited)",
				);
				GCC_SYMBOLS_PRIVATE_EXTERN = NO;
				GCC_WARN_64_TO_32_BIT_CONVERSION = YES;
				GCC_WARN_ABOUT_RETURN_TYPE = YES_ERROR;
				GCC_WARN_UNDECLARED_SELECTOR = YES;
				GCC_WARN_UNINITIALIZED_AUTOS = YES_AGGRESSIVE;
				GCC_WARN_UNUSED_FUNCTION = YES;
				GCC_WARN_UNUSED_VARIABLE = YES;
				IPHONEOS_DEPLOYMENT_TARGET = 8.0;
				MTL_ENABLE_DEBUG_INFO = YES;
				ONLY_ACTIVE_ARCH = YES;
				SDKROOT = iphoneos;
				SWIFT_OPTIMIZATION_LEVEL = "-Onone";
			};
			name = Debug;
		};
		23F3094519A6BA6000862680 /* Release */ = {
			isa = XCBuildConfiguration;
			buildSettings = {
				ALWAYS_SEARCH_USER_PATHS = NO;
				CLANG_CXX_LANGUAGE_STANDARD = "gnu++0x";
				CLANG_CXX_LIBRARY = "libc++";
				CLANG_ENABLE_MODULES = YES;
				CLANG_ENABLE_OBJC_ARC = YES;
				CLANG_WARN_BOOL_CONVERSION = YES;
				CLANG_WARN_CONSTANT_CONVERSION = YES;
				CLANG_WARN_DIRECT_OBJC_ISA_USAGE = YES_ERROR;
				CLANG_WARN_EMPTY_BODY = YES;
				CLANG_WARN_ENUM_CONVERSION = YES;
				CLANG_WARN_INT_CONVERSION = YES;
				CLANG_WARN_OBJC_ROOT_CLASS = YES_ERROR;
				CLANG_WARN_UNREACHABLE_CODE = YES;
				CLANG_WARN__DUPLICATE_METHOD_MATCH = YES;
				"CODE_SIGN_IDENTITY[sdk=iphoneos*]" = "iPhone Developer";
				COPY_PHASE_STRIP = YES;
				ENABLE_NS_ASSERTIONS = NO;
				ENABLE_STRICT_OBJC_MSGSEND = YES;
				GCC_C_LANGUAGE_STANDARD = gnu99;
				GCC_WARN_64_TO_32_BIT_CONVERSION = YES;
				GCC_WARN_ABOUT_RETURN_TYPE = YES_ERROR;
				GCC_WARN_UNDECLARED_SELECTOR = YES;
				GCC_WARN_UNINITIALIZED_AUTOS = YES_AGGRESSIVE;
				GCC_WARN_UNUSED_FUNCTION = YES;
				GCC_WARN_UNUSED_VARIABLE = YES;
				IPHONEOS_DEPLOYMENT_TARGET = 8.0;
				MTL_ENABLE_DEBUG_INFO = NO;
				SDKROOT = iphoneos;
				VALIDATE_PRODUCT = YES;
			};
			name = Release;
		};
		23F3094719A6BA6000862680 /* Debug */ = {
			isa = XCBuildConfiguration;
			baseConfigurationReference = 916B070946BE666A571E0700 /* Pods.debug.xcconfig */;
			buildSettings = {
				ASSETCATALOG_COMPILER_APPICON_NAME = AppIcon;
				ASSETCATALOG_COMPILER_LAUNCHIMAGE_NAME = LaunchImage;
				CLANG_ENABLE_MODULES = YES;
				CODE_SIGN_IDENTITY = "iPhone Developer";
				INFOPLIST_FILE = "$(SRCROOT)/BlackfootDictionary/Resources/Info.plist";
				LD_RUNPATH_SEARCH_PATHS = "@executable_path/Frameworks $(inherited)";
				LIBRARY_SEARCH_PATHS = "$(inherited)";
				PRODUCT_NAME = "Blackfoot Dictionary";
				SWIFT_INCLUDE_PATHS = "";
				SWIFT_OBJC_BRIDGING_HEADER = "BlackfootDictionary/Application/BlackfootDictionary-Bridging-Header.h";
				SWIFT_OPTIMIZATION_LEVEL = "-Onone";
				TARGETED_DEVICE_FAMILY = 1;
				USER_HEADER_SEARCH_PATHS = "";
			};
			name = Debug;
		};
		23F3094819A6BA6000862680 /* Release */ = {
			isa = XCBuildConfiguration;
			baseConfigurationReference = C44107700CA91DF2FDDC6529 /* Pods.release.xcconfig */;
			buildSettings = {
				ASSETCATALOG_COMPILER_APPICON_NAME = AppIcon;
				ASSETCATALOG_COMPILER_LAUNCHIMAGE_NAME = LaunchImage;
				CLANG_ENABLE_MODULES = YES;
				CODE_SIGN_IDENTITY = "iPhone Developer";
				INFOPLIST_FILE = "$(SRCROOT)/BlackfootDictionary/Resources/Info.plist";
				LD_RUNPATH_SEARCH_PATHS = "@executable_path/Frameworks $(inherited)";
				LIBRARY_SEARCH_PATHS = "$(inherited)";
				PRODUCT_NAME = "Blackfoot Dictionary";
				SWIFT_INCLUDE_PATHS = "";
				SWIFT_OBJC_BRIDGING_HEADER = "BlackfootDictionary/Application/BlackfootDictionary-Bridging-Header.h";
				TARGETED_DEVICE_FAMILY = 1;
				USER_HEADER_SEARCH_PATHS = "";
			};
			name = Release;
		};
/* End XCBuildConfiguration section */

/* Begin XCConfigurationList section */
		231F55E519B7E82B00750E1C /* Build configuration list for PBXNativeTarget "BlackfootDictionaryTests" */ = {
			isa = XCConfigurationList;
			buildConfigurations = (
				231F55E619B7E82B00750E1C /* Debug */,
				231F55E719B7E82B00750E1C /* Release */,
			);
			defaultConfigurationIsVisible = 0;
			defaultConfigurationName = Release;
		};
		23F3092519A6BA6000862680 /* Build configuration list for PBXProject "BlackfootDictionary" */ = {
			isa = XCConfigurationList;
			buildConfigurations = (
				23F3094419A6BA6000862680 /* Debug */,
				23F3094519A6BA6000862680 /* Release */,
			);
			defaultConfigurationIsVisible = 0;
			defaultConfigurationName = Release;
		};
		23F3094619A6BA6000862680 /* Build configuration list for PBXNativeTarget "BlackfootDictionary" */ = {
			isa = XCConfigurationList;
			buildConfigurations = (
				23F3094719A6BA6000862680 /* Debug */,
				23F3094819A6BA6000862680 /* Release */,
			);
			defaultConfigurationIsVisible = 0;
			defaultConfigurationName = Release;
		};
/* End XCConfigurationList section */
	};
	rootObject = 23F3092219A6BA6000862680 /* Project object */;
}
