// !$*UTF8*$!
{
	archiveVersion = 1;
	classes = {
	};
	objectVersion = 46;
	objects = {

/* Begin PBXBuildFile section */
		23F3093019A6BA6000862680 /* AppDelegate.swift in Sources */ = {isa = PBXBuildFile; fileRef = 23F3092F19A6BA6000862680 /* AppDelegate.swift */; };
		23F3093219A6BA6000862680 /* MainViewController.swift in Sources */ = {isa = PBXBuildFile; fileRef = 23F3093119A6BA6000862680 /* MainViewController.swift */; };
		23F3093519A6BA6000862680 /* Main.storyboard in Resources */ = {isa = PBXBuildFile; fileRef = 23F3093319A6BA6000862680 /* Main.storyboard */; };
		23F3093719A6BA6000862680 /* Images.xcassets in Resources */ = {isa = PBXBuildFile; fileRef = 23F3093619A6BA6000862680 /* Images.xcassets */; };
		23F3094319A6BA6000862680 /* Blackfoot_DictionaryTests.swift in Sources */ = {isa = PBXBuildFile; fileRef = 23F3094219A6BA6000862680 /* Blackfoot_DictionaryTests.swift */; };
		23F3094D19A6C60600862680 /* TranslateViewController.swift in Sources */ = {isa = PBXBuildFile; fileRef = 23F3094C19A6C60600862680 /* TranslateViewController.swift */; };
/* End PBXBuildFile section */

/* Begin PBXContainerItemProxy section */
		23F3093D19A6BA6000862680 /* PBXContainerItemProxy */ = {
			isa = PBXContainerItemProxy;
			containerPortal = 23F3092219A6BA6000862680 /* Project object */;
			proxyType = 1;
			remoteGlobalIDString = 23F3092919A6BA6000862680;
			remoteInfo = "Blackfoot Dictionary";
		};
/* End PBXContainerItemProxy section */

/* Begin PBXFileReference section */
		23F3092A19A6BA6000862680 /* Blackfoot Dictionary.app */ = {isa = PBXFileReference; explicitFileType = wrapper.application; includeInIndex = 0; path = "Blackfoot Dictionary.app"; sourceTree = BUILT_PRODUCTS_DIR; };
		23F3092E19A6BA6000862680 /* Info.plist */ = {isa = PBXFileReference; lastKnownFileType = text.plist.xml; path = Info.plist; sourceTree = "<group>"; };
		23F3092F19A6BA6000862680 /* AppDelegate.swift */ = {isa = PBXFileReference; lastKnownFileType = sourcecode.swift; path = AppDelegate.swift; sourceTree = "<group>"; };
		23F3093119A6BA6000862680 /* MainViewController.swift */ = {isa = PBXFileReference; lastKnownFileType = sourcecode.swift; path = MainViewController.swift; sourceTree = "<group>"; };
		23F3093419A6BA6000862680 /* Base */ = {isa = PBXFileReference; lastKnownFileType = file.storyboard; name = Base; path = Base.lproj/Main.storyboard; sourceTree = "<group>"; };
		23F3093619A6BA6000862680 /* Images.xcassets */ = {isa = PBXFileReference; lastKnownFileType = folder.assetcatalog; path = Images.xcassets; sourceTree = "<group>"; };
		23F3093C19A6BA6000862680 /* Blackfoot DictionaryTests.xctest */ = {isa = PBXFileReference; explicitFileType = wrapper.cfbundle; includeInIndex = 0; path = "Blackfoot DictionaryTests.xctest"; sourceTree = BUILT_PRODUCTS_DIR; };
		23F3094119A6BA6000862680 /* Info.plist */ = {isa = PBXFileReference; lastKnownFileType = text.plist.xml; path = Info.plist; sourceTree = "<group>"; };
		23F3094219A6BA6000862680 /* Blackfoot_DictionaryTests.swift */ = {isa = PBXFileReference; lastKnownFileType = sourcecode.swift; path = Blackfoot_DictionaryTests.swift; sourceTree = "<group>"; };
		23F3094C19A6C60600862680 /* TranslateViewController.swift */ = {isa = PBXFileReference; fileEncoding = 4; lastKnownFileType = sourcecode.swift; path = TranslateViewController.swift; sourceTree = "<group>"; };
/* End PBXFileReference section */

/* Begin PBXFrameworksBuildPhase section */
		23F3092719A6BA6000862680 /* Frameworks */ = {
			isa = PBXFrameworksBuildPhase;
			buildActionMask = 2147483647;
			files = (
			);
			runOnlyForDeploymentPostprocessing = 0;
		};
		23F3093919A6BA6000862680 /* Frameworks */ = {
			isa = PBXFrameworksBuildPhase;
			buildActionMask = 2147483647;
			files = (
			);
			runOnlyForDeploymentPostprocessing = 0;
		};
/* End PBXFrameworksBuildPhase section */

/* Begin PBXGroup section */
		23F3092119A6BA6000862680 = {
			isa = PBXGroup;
			children = (
				23F3092C19A6BA6000862680 /* Blackfoot Dictionary */,
				23F3093F19A6BA6000862680 /* Blackfoot DictionaryTests */,
				23F3092B19A6BA6000862680 /* Products */,
			);
			sourceTree = "<group>";
		};
		23F3092B19A6BA6000862680 /* Products */ = {
			isa = PBXGroup;
			children = (
				23F3092A19A6BA6000862680 /* Blackfoot Dictionary.app */,
				23F3093C19A6BA6000862680 /* Blackfoot DictionaryTests.xctest */,
			);
			name = Products;
			sourceTree = "<group>";
		};
		23F3092C19A6BA6000862680 /* Blackfoot Dictionary */ = {
			isa = PBXGroup;
			children = (
				23F3092F19A6BA6000862680 /* AppDelegate.swift */,
				23F3093119A6BA6000862680 /* MainViewController.swift */,
				23F3093319A6BA6000862680 /* Main.storyboard */,
				23F3093619A6BA6000862680 /* Images.xcassets */,
				23F3092D19A6BA6000862680 /* Supporting Files */,
				23F3094C19A6C60600862680 /* TranslateViewController.swift */,
			);
			path = "Blackfoot Dictionary";
			sourceTree = "<group>";
		};
		23F3092D19A6BA6000862680 /* Supporting Files */ = {
			isa = PBXGroup;
			children = (
				23F3092E19A6BA6000862680 /* Info.plist */,
			);
			name = "Supporting Files";
			sourceTree = "<group>";
		};
		23F3093F19A6BA6000862680 /* Blackfoot DictionaryTests */ = {
			isa = PBXGroup;
			children = (
				23F3094219A6BA6000862680 /* Blackfoot_DictionaryTests.swift */,
				23F3094019A6BA6000862680 /* Supporting Files */,
			);
			path = "Blackfoot DictionaryTests";
			sourceTree = "<group>";
		};
		23F3094019A6BA6000862680 /* Supporting Files */ = {
			isa = PBXGroup;
			children = (
				23F3094119A6BA6000862680 /* Info.plist */,
			);
			name = "Supporting Files";
			sourceTree = "<group>";
		};
/* End PBXGroup section */

/* Begin PBXNativeTarget section */
		23F3092919A6BA6000862680 /* Blackfoot Dictionary */ = {
			isa = PBXNativeTarget;
			buildConfigurationList = 23F3094619A6BA6000862680 /* Build configuration list for PBXNativeTarget "Blackfoot Dictionary" */;
			buildPhases = (
				23F3092619A6BA6000862680 /* Sources */,
				23F3092719A6BA6000862680 /* Frameworks */,
				23F3092819A6BA6000862680 /* Resources */,
			);
			buildRules = (
			);
			dependencies = (
			);
			name = "Blackfoot Dictionary";
			productName = "Blackfoot Dictionary";
			productReference = 23F3092A19A6BA6000862680 /* Blackfoot Dictionary.app */;
			productType = "com.apple.product-type.application";
		};
		23F3093B19A6BA6000862680 /* Blackfoot DictionaryTests */ = {
			isa = PBXNativeTarget;
			buildConfigurationList = 23F3094919A6BA6000862680 /* Build configuration list for PBXNativeTarget "Blackfoot DictionaryTests" */;
			buildPhases = (
				23F3093819A6BA6000862680 /* Sources */,
				23F3093919A6BA6000862680 /* Frameworks */,
				23F3093A19A6BA6000862680 /* Resources */,
			);
			buildRules = (
			);
			dependencies = (
				23F3093E19A6BA6000862680 /* PBXTargetDependency */,
			);
			name = "Blackfoot DictionaryTests";
			productName = "Blackfoot DictionaryTests";
			productReference = 23F3093C19A6BA6000862680 /* Blackfoot DictionaryTests.xctest */;
			productType = "com.apple.product-type.bundle.unit-test";
		};
/* End PBXNativeTarget section */

/* Begin PBXProject section */
		23F3092219A6BA6000862680 /* Project object */ = {
			isa = PBXProject;
			attributes = {
				CLASSPREFIX = BFD;
				LastUpgradeCheck = 0600;
				ORGANIZATIONNAME = Hierarchy;
				TargetAttributes = {
					23F3092919A6BA6000862680 = {
						CreatedOnToolsVersion = 6.0;
					};
					23F3093B19A6BA6000862680 = {
						CreatedOnToolsVersion = 6.0;
						TestTargetID = 23F3092919A6BA6000862680;
					};
				};
			};
			buildConfigurationList = 23F3092519A6BA6000862680 /* Build configuration list for PBXProject "Blackfoot Dictionary" */;
			compatibilityVersion = "Xcode 3.2";
			developmentRegion = English;
			hasScannedForEncodings = 0;
			knownRegions = (
				en,
				Base,
			);
			mainGroup = 23F3092119A6BA6000862680;
			productRefGroup = 23F3092B19A6BA6000862680 /* Products */;
			projectDirPath = "";
			projectRoot = "";
			targets = (
				23F3092919A6BA6000862680 /* Blackfoot Dictionary */,
				23F3093B19A6BA6000862680 /* Blackfoot DictionaryTests */,
			);
		};
/* End PBXProject section */

/* Begin PBXResourcesBuildPhase section */
		23F3092819A6BA6000862680 /* Resources */ = {
			isa = PBXResourcesBuildPhase;
			buildActionMask = 2147483647;
			files = (
				23F3093519A6BA6000862680 /* Main.storyboard in Resources */,
				23F3093719A6BA6000862680 /* Images.xcassets in Resources */,
			);
			runOnlyForDeploymentPostprocessing = 0;
		};
		23F3093A19A6BA6000862680 /* Resources */ = {
			isa = PBXResourcesBuildPhase;
			buildActionMask = 2147483647;
			files = (
			);
			runOnlyForDeploymentPostprocessing = 0;
		};
/* End PBXResourcesBuildPhase section */

/* Begin PBXSourcesBuildPhase section */
		23F3092619A6BA6000862680 /* Sources */ = {
			isa = PBXSourcesBuildPhase;
			buildActionMask = 2147483647;
			files = (
				23F3093219A6BA6000862680 /* MainViewController.swift in Sources */,
				23F3093019A6BA6000862680 /* AppDelegate.swift in Sources */,
				23F3094D19A6C60600862680 /* TranslateViewController.swift in Sources */,
			);
			runOnlyForDeploymentPostprocessing = 0;
		};
		23F3093819A6BA6000862680 /* Sources */ = {
			isa = PBXSourcesBuildPhase;
			buildActionMask = 2147483647;
			files = (
				23F3094319A6BA6000862680 /* Blackfoot_DictionaryTests.swift in Sources */,
			);
			runOnlyForDeploymentPostprocessing = 0;
		};
/* End PBXSourcesBuildPhase section */

/* Begin PBXTargetDependency section */
		23F3093E19A6BA6000862680 /* PBXTargetDependency */ = {
			isa = PBXTargetDependency;
			target = 23F3092919A6BA6000862680 /* Blackfoot Dictionary */;
			targetProxy = 23F3093D19A6BA6000862680 /* PBXContainerItemProxy */;
		};
/* End PBXTargetDependency section */

/* Begin PBXVariantGroup section */
		23F3093319A6BA6000862680 /* Main.storyboard */ = {
			isa = PBXVariantGroup;
			children = (
				23F3093419A6BA6000862680 /* Base */,
			);
			name = Main.storyboard;
			sourceTree = "<group>";
		};
/* End PBXVariantGroup section */

/* Begin XCBuildConfiguration section */
		23F3094419A6BA6000862680 /* Debug */ = {
			isa = XCBuildConfiguration;
			buildSettings = {
				ALWAYS_SEARCH_USER_PATHS = NO;
				CLANG_CXX_LANGUAGE_STANDARD = "gnu++0x";
				CLANG_CXX_LIBRARY = "libc++";
				CLANG_ENABLE_MODULES = YES;
				CLANG_ENABLE_OBJC_ARC = YES;
				CLANG_WARN_BOOL_CONVERSION = YES;
				CLANG_WARN_CONSTANT_CONVERSION = YES;
				CLANG_WARN_DIRECT_OBJC_ISA_USAGE = YES_ERROR;
				CLANG_WARN_EMPTY_BODY = YES;
				CLANG_WARN_ENUM_CONVERSION = YES;
				CLANG_WARN_INT_CONVERSION = YES;
				CLANG_WARN_OBJC_ROOT_CLASS = YES_ERROR;
				CLANG_WARN_UNREACHABLE_CODE = YES;
				CLANG_WARN__DUPLICATE_METHOD_MATCH = YES;
				"CODE_SIGN_IDENTITY[sdk=iphoneos*]" = "iPhone Developer";
				COPY_PHASE_STRIP = NO;
				ENABLE_STRICT_OBJC_MSGSEND = YES;
				GCC_C_LANGUAGE_STANDARD = gnu99;
				GCC_DYNAMIC_NO_PIC = NO;
				GCC_OPTIMIZATION_LEVEL = 0;
				GCC_PREPROCESSOR_DEFINITIONS = (
					"DEBUG=1",
					"$(inherited)",
				);
				GCC_SYMBOLS_PRIVATE_EXTERN = NO;
				GCC_WARN_64_TO_32_BIT_CONVERSION = YES;
				GCC_WARN_ABOUT_RETURN_TYPE = YES_ERROR;
				GCC_WARN_UNDECLARED_SELECTOR = YES;
				GCC_WARN_UNINITIALIZED_AUTOS = YES_AGGRESSIVE;
				GCC_WARN_UNUSED_FUNCTION = YES;
				GCC_WARN_UNUSED_VARIABLE = YES;
				IPHONEOS_DEPLOYMENT_TARGET = 8.0;
				MTL_ENABLE_DEBUG_INFO = YES;
				ONLY_ACTIVE_ARCH = YES;
				SDKROOT = iphoneos;
				SWIFT_OPTIMIZATION_LEVEL = "-Onone";
			};
			name = Debug;
		};
		23F3094519A6BA6000862680 /* Release */ = {
			isa = XCBuildConfiguration;
			buildSettings = {
				ALWAYS_SEARCH_USER_PATHS = NO;
				CLANG_CXX_LANGUAGE_STANDARD = "gnu++0x";
				CLANG_CXX_LIBRARY = "libc++";
				CLANG_ENABLE_MODULES = YES;
				CLANG_ENABLE_OBJC_ARC = YES;
				CLANG_WARN_BOOL_CONVERSION = YES;
				CLANG_WARN_CONSTANT_CONVERSION = YES;
				CLANG_WARN_DIRECT_OBJC_ISA_USAGE = YES_ERROR;
				CLANG_WARN_EMPTY_BODY = YES;
				CLANG_WARN_ENUM_CONVERSION = YES;
				CLANG_WARN_INT_CONVERSION = YES;
				CLANG_WARN_OBJC_ROOT_CLASS = YES_ERROR;
				CLANG_WARN_UNREACHABLE_CODE = YES;
				CLANG_WARN__DUPLICATE_METHOD_MATCH = YES;
				"CODE_SIGN_IDENTITY[sdk=iphoneos*]" = "iPhone Developer";
				COPY_PHASE_STRIP = YES;
				ENABLE_NS_ASSERTIONS = NO;
				ENABLE_STRICT_OBJC_MSGSEND = YES;
				GCC_C_LANGUAGE_STANDARD = gnu99;
				GCC_WARN_64_TO_32_BIT_CONVERSION = YES;
				GCC_WARN_ABOUT_RETURN_TYPE = YES_ERROR;
				GCC_WARN_UNDECLARED_SELECTOR = YES;
				GCC_WARN_UNINITIALIZED_AUTOS = YES_AGGRESSIVE;
				GCC_WARN_UNUSED_FUNCTION = YES;
				GCC_WARN_UNUSED_VARIABLE = YES;
				IPHONEOS_DEPLOYMENT_TARGET = 8.0;
				MTL_ENABLE_DEBUG_INFO = NO;
				SDKROOT = iphoneos;
				VALIDATE_PRODUCT = YES;
			};
			name = Release;
		};
		23F3094719A6BA6000862680 /* Debug */ = {
			isa = XCBuildConfiguration;
			buildSettings = {
				ASSETCATALOG_COMPILER_APPICON_NAME = AppIcon;
				ASSETCATALOG_COMPILER_LAUNCHIMAGE_NAME = LaunchImage;
				INFOPLIST_FILE = "Blackfoot Dictionary/Info.plist";
				LD_RUNPATH_SEARCH_PATHS = "$(inherited) @executable_path/Frameworks";
				PRODUCT_NAME = "$(TARGET_NAME)";
				TARGETED_DEVICE_FAMILY = 1;
			};
			name = Debug;
		};
		23F3094819A6BA6000862680 /* Release */ = {
			isa = XCBuildConfiguration;
			buildSettings = {
				ASSETCATALOG_COMPILER_APPICON_NAME = AppIcon;
				ASSETCATALOG_COMPILER_LAUNCHIMAGE_NAME = LaunchImage;
				INFOPLIST_FILE = "Blackfoot Dictionary/Info.plist";
				LD_RUNPATH_SEARCH_PATHS = "$(inherited) @executable_path/Frameworks";
				PRODUCT_NAME = "$(TARGET_NAME)";
				TARGETED_DEVICE_FAMILY = 1;
			};
			name = Release;
		};
		23F3094A19A6BA6000862680 /* Debug */ = {
			isa = XCBuildConfiguration;
			buildSettings = {
				BUNDLE_LOADER = "$(TEST_HOST)";
				FRAMEWORK_SEARCH_PATHS = (
					"$(SDKROOT)/Developer/Library/Frameworks",
					"$(inherited)",
				);
				GCC_PREPROCESSOR_DEFINITIONS = (
					"DEBUG=1",
					"$(inherited)",
				);
				INFOPLIST_FILE = "Blackfoot DictionaryTests/Info.plist";
				LD_RUNPATH_SEARCH_PATHS = "$(inherited) @executable_path/Frameworks @loader_path/Frameworks";
				PRODUCT_NAME = "$(TARGET_NAME)";
				TEST_HOST = "$(BUILT_PRODUCTS_DIR)/Blackfoot Dictionary.app/Blackfoot Dictionary";
			};
			name = Debug;
		};
		23F3094B19A6BA6000862680 /* Release */ = {
			isa = XCBuildConfiguration;
			buildSettings = {
				BUNDLE_LOADER = "$(TEST_HOST)";
				FRAMEWORK_SEARCH_PATHS = (
					"$(SDKROOT)/Developer/Library/Frameworks",
					"$(inherited)",
				);
				INFOPLIST_FILE = "Blackfoot DictionaryTests/Info.plist";
				LD_RUNPATH_SEARCH_PATHS = "$(inherited) @executable_path/Frameworks @loader_path/Frameworks";
				PRODUCT_NAME = "$(TARGET_NAME)";
				TEST_HOST = "$(BUILT_PRODUCTS_DIR)/Blackfoot Dictionary.app/Blackfoot Dictionary";
			};
			name = Release;
		};
/* End XCBuildConfiguration section */

/* Begin XCConfigurationList section */
		23F3092519A6BA6000862680 /* Build configuration list for PBXProject "Blackfoot Dictionary" */ = {
			isa = XCConfigurationList;
			buildConfigurations = (
				23F3094419A6BA6000862680 /* Debug */,
				23F3094519A6BA6000862680 /* Release */,
			);
			defaultConfigurationIsVisible = 0;
			defaultConfigurationName = Release;
		};
		23F3094619A6BA6000862680 /* Build configuration list for PBXNativeTarget "Blackfoot Dictionary" */ = {
			isa = XCConfigurationList;
			buildConfigurations = (
				23F3094719A6BA6000862680 /* Debug */,
				23F3094819A6BA6000862680 /* Release */,
			);
			defaultConfigurationIsVisible = 0;
		};
		23F3094919A6BA6000862680 /* Build configuration list for PBXNativeTarget "Blackfoot DictionaryTests" */ = {
			isa = XCConfigurationList;
			buildConfigurations = (
				23F3094A19A6BA6000862680 /* Debug */,
				23F3094B19A6BA6000862680 /* Release */,
			);
			defaultConfigurationIsVisible = 0;
		};
/* End XCConfigurationList section */
	};
	rootObject = 23F3092219A6BA6000862680 /* Project object */;
}
